
Microsoft Visual Studio Solution File, Format Version 12.00
# Visual Studio Version 17
VisualStudioVersion = 17.9.34723.18
MinimumVisualStudioVersion = 10.0.40219.1
Project("{9A19103F-16F7-4668-BE54-9A1E7A4F7556}") = "WebApi", "WebApi\WebApi.csproj", "{02D33CFE-38BF-4F54-BA57-CD2BA238E56E}"
EndProject
Project("{FAE04EC0-301F-11D3-BF4B-00C04F79EFBC}") = "Business", "Business\Business.csproj", "{20038E18-2207-44E8-B066-3DAB3DA96F71}"
EndProject
Project("{FAE04EC0-301F-11D3-BF4B-00C04F79EFBC}") = "DataAccess", "DataAccess\DataAccess.csproj", "{6E3CFB30-2C69-4A55-B280-AA07D9EA65DB}"
EndProject
Project("{FAE04EC0-301F-11D3-BF4B-00C04F79EFBC}") = "Entities", "Entities\Entities.csproj", "{1AD90822-78DF-49CB-8995-F99507BB1164}"
EndProject
Project("{FAE04EC0-301F-11D3-BF4B-00C04F79EFBC}") = "Core", "Core\Core.csproj", "{DFA4F0C3-1D76-4208-B9AF-123668E3F7FA}"
EndProject
Global
	GlobalSection(SolutionConfigurationPlatforms) = preSolution
		Debug|Any CPU = Debug|Any CPU
		Release|Any CPU = Release|Any CPU
	EndGlobalSection
	GlobalSection(ProjectConfigurationPlatforms) = postSolution
		{02D33CFE-38BF-4F54-BA57-CD2BA238E56E}.Debug|Any CPU.ActiveCfg = Debug|Any CPU
		{02D33CFE-38BF-4F54-BA57-CD2BA238E56E}.Debug|Any CPU.Build.0 = Debug|Any CPU
		{02D33CFE-38BF-4F54-BA57-CD2BA238E56E}.Release|Any CPU.ActiveCfg = Release|Any CPU
		{02D33CFE-38BF-4F54-BA57-CD2BA238E56E}.Release|Any CPU.Build.0 = Release|Any CPU
		{20038E18-2207-44E8-B066-3DAB3DA96F71}.Debug|Any CPU.ActiveCfg = Debug|Any CPU
		{20038E18-2207-44E8-B066-3DAB3DA96F71}.Debug|Any CPU.Build.0 = Debug|Any CPU
		{20038E18-2207-44E8-B066-3DAB3DA96F71}.Release|Any CPU.ActiveCfg = Release|Any CPU
		{20038E18-2207-44E8-B066-3DAB3DA96F71}.Release|Any CPU.Build.0 = Release|Any CPU
		{6E3CFB30-2C69-4A55-B280-AA07D9EA65DB}.Debug|Any CPU.ActiveCfg = Debug|Any CPU
		{6E3CFB30-2C69-4A55-B280-AA07D9EA65DB}.Debug|Any CPU.Build.0 = Debug|Any CPU
		{6E3CFB30-2C69-4A55-B280-AA07D9EA65DB}.Release|Any CPU.ActiveCfg = Release|Any CPU
		{6E3CFB30-2C69-4A55-B280-AA07D9EA65DB}.Release|Any CPU.Build.0 = Release|Any CPU
		{1AD90822-78DF-49CB-8995-F99507BB1164}.Debug|Any CPU.ActiveCfg = Debug|Any CPU
		{1AD90822-78DF-49CB-8995-F99507BB1164}.Debug|Any CPU.Build.0 = Debug|Any CPU
		{1AD90822-78DF-49CB-8995-F99507BB1164}.Release|Any CPU.ActiveCfg = Release|Any CPU
		{1AD90822-78DF-49CB-8995-F99507BB1164}.Release|Any CPU.Build.0 = Release|Any CPU
		{DFA4F0C3-1D76-4208-B9AF-123668E3F7FA}.Debug|Any CPU.ActiveCfg = Debug|Any CPU
		{DFA4F0C3-1D76-4208-B9AF-123668E3F7FA}.Debug|Any CPU.Build.0 = Debug|Any CPU
		{DFA4F0C3-1D76-4208-B9AF-123668E3F7FA}.Release|Any CPU.ActiveCfg = Release|Any CPU
		{DFA4F0C3-1D76-4208-B9AF-123668E3F7FA}.Release|Any CPU.Build.0 = Release|Any CPU
	EndGlobalSection
	GlobalSection(SolutionProperties) = preSolution
		HideSolutionNode = FALSE
	EndGlobalSection
	GlobalSection(ExtensibilityGlobals) = postSolution
		SolutionGuid = {7A13699D-1BEC-48E2-BF6C-5A0C058E7375}
	EndGlobalSection
EndGlobal
